{
  "name": "logger",
  "version": "1.0.0",
  "lockfileVersion": 1,
  "requires": true,
  "dependencies": {
    "@bayusantiko/calcdistancejs": {
      "version": "1.0.1",
      "resolved": "https://registry.npmjs.org/@bayusantiko/calcdistancejs/-/calcdistancejs-1.0.1.tgz",
      "integrity": "sha512-Ws8MhiUPA4HNQT9Mt54le6+QNZCVNjptaUlkxXM/k12CVTqew6YlkWQsJA4xXgCwl4MAnAo03gXLpl9Gg395Yg=="
    }
  }
}
